{
  "name": "uctusd",
  "version": "1.0.0",
  "lockfileVersion": 3,
  "requires": true,
  "packages": {
    "": {
      "name": "uctusd",
      "version": "1.0.0",
      "license": "ISC",
      "dependencies": {
        "xrpl": "^5.0.0"
      }
    },
    "node_modules/@noble/curves": {
      "version": "2.3.0",
      "resolved": "https://registry.npmjs.org/@noble/curves/-/curves-2.3.0.tgz",
      "integrity": "sha512-v7cY+4oWYPQszRj6ZFGzTVL7uP2TaLo1xMhWHzYC5wj0ZhOXQ5x+sBre8rF3hi8cAoi0bh1qXoovoOkdFtvqEg==",
      "license": "MIT",
      "dependencies": {
        "@noble/hashes": "2.3.0"
      },
      "engines": {
        "node": ">= 20.19.0"
      },
      "funding": {
        "url": "https://paulmillr.com/funding/"
      }
    },
    "node_modules/@noble/hashes": {
      "version": "2.3.0",
      "resolved": "https://registry.npmjs.org/@noble/hashes/-/hashes-2.3.0.tgz",
      "integrity": "sha512-oN+QwyX7VSHotibwubG3kpzbwKrfnyR6OOO+3Nk/53ADL7FmgHHz4TgrbaYKvvOw09u6QTx0oiH1cNCIOuN0CQ==",
      "license": "MIT",
      "engines": {
        "node": ">= 20.19.0"
      },
      "funding": {
        "url": "https://paulmillr.com/funding/"
      }
    },
    "node_modules/@scure/base": {
      "version": "2.3.0",
      "resolved": "https://registry.npmjs.org/@scure/base/-/base-2.3.0.tgz",
      "integrity": "sha512-NsG6Y03tY6R5BUis4FdVtHVkur0U6FOzskgs9ZXNl78CUc9fkZ78HmENUle1nSOkCasDmbubmWD9qwB7mm4PZA==",
      "license": "MIT",
      "funding": {
        "url": "https://paulmillr.com/funding/"
      }
    },
    "node_modules/@scure/bip32": {
      "version": "2.3.0",
      "resolved": "https://registry.npmjs.org/@scure/bip32/-/bip32-2.3.0.tgz",
      "integrity": "sha512-mMPjNcXxJsvNveIgRIXrnwd4omu0wdXo4JowAUZO7/82+/bpAwVltclx6MG6nv2M3dA6IbfVv4xwWxaREm3OcA==",
      "license": "MIT",
      "dependencies": {
        "@noble/curves": "2.3.0",
        "@noble/hashes": "2.3.0",
        "@scure/base": "2.3.0"
      },
      "funding": {
        "url": "https://paulmillr.com/funding/"
      }
    },
    "node_modules/@scure/bip39": {
      "version": "2.3.0",
      "resolved": "https://registry.npmjs.org/@scure/bip39/-/bip39-2.3.0.tgz",
      "integrity": "sha512-qdyWuxoYwi3+YmqIsfkpz1I029m980WkVPilj+kG7VxSm+gKQ2BmQru3nv3LbMtpSUXuyZwdFT65JkpKu5OHOQ==",
      "license": "MIT",
      "dependencies": {
        "@noble/hashes": "2.3.0"
      },
      "funding": {
        "url": "https://paulmillr.com/funding/"
      }
    },
    "node_modules/@xrplf/isomorphic": {
      "version": "1.0.2",
      "resolved": "https://registry.npmjs.org/@xrplf/isomorphic/-/isomorphic-1.0.2.tgz",
      "integrity": "sha512-ncZUdMXr6VlSXtdoiDi0jTH+gBrgGxwVeEidhoegII3PmyErbQsyj6e+j7acmR4LW/lvBkPkzb9QzRfJH0n3rA==",
      "license": "ISC",
      "dependencies": {
        "@noble/hashes": "^2.0.1",
        "eventemitter3": "5.0.1",
        "ws": "^8.20.0"
      },
      "engines": {
        "node": ">=18.0.0"
      }
    },
    "node_modules/@xrplf/isomorphic/node_modules/eventemitter3": {
      "version": "5.0.1",
      "resolved": "https://registry.npmjs.org/eventemitter3/-/eventemitter3-5.0.1.tgz",
      "integrity": "sha512-GWkBvjiSZK87ELrYOSESUYeVIc9mvLLf/nXalMOS5dYrgZq9o5OVkbZAVM06CVxYsCwH9BDZFPlQTlPA1j4ahA==",
      "license": "MIT"
    },
    "node_modules/@xrplf/secret-numbers": {
      "version": "3.0.0",
      "resolved": "https://registry.npmjs.org/@xrplf/secret-numbers/-/secret-numbers-3.0.0.tgz",
      "integrity": "sha512-qpGhAZXv5noMDjCtfzq5NK0y5rrdwTVjKhhPcAYSE+a/gogBOgqdpCKyieprVVPCnmVmJnGeRoZKBAqpCGegsA==",
      "license": "ISC",
      "dependencies": {
        "@xrplf/isomorphic": "^1.0.2",
        "ripple-keypairs": "^3.0.0"
      }
    },
    "node_modules/bignumber.js": {
      "version": "10.0.2",
      "resolved": "https://registry.npmjs.org/bignumber.js/-/bignumber.js-10.0.2.tgz",
      "integrity": "sha512-E8Wp9O06QA6lneJ4aRUXKYf/1GIomqUEmUMwtIOMtDxf1U52ffJY+y7JBk/8wRafA8qOIqLnXQGqonYXZdBnFQ==",
      "license": "MIT"
    },
    "node_modules/eventemitter3": {
      "version": "5.0.4",
      "resolved": "https://registry.npmjs.org/eventemitter3/-/eventemitter3-5.0.4.tgz",
      "integrity": "sha512-mlsTRyGaPBjPedk6Bvw+aqbsXDtoAyAzm5MO7JgU+yVRyMQ5O8bD4Kcci7BS85f93veegeCPkL8R4GLClnjLFw==",
      "license": "MIT"
    },
    "node_modules/fast-json-stable-stringify": {
      "version": "2.1.0",
      "resolved": "https://registry.npmjs.org/fast-json-stable-stringify/-/fast-json-stable-stringify-2.1.0.tgz",
      "integrity": "sha512-lhd/wF+Lk98HZoTCtlVraHtfh5XYijIjalXck7saUtuanSDyLMxnHhSXEDJqHxD7msR8D0uCmqlkwjCV8xvwHw==",
      "license": "MIT"
    },
    "node_modules/ripple-address-codec": {
      "version": "5.0.1",
      "resolved": "https://registry.npmjs.org/ripple-address-codec/-/ripple-address-codec-5.0.1.tgz",
      "integrity": "sha512-JQHLKuVJV8lv9Qobmn4aUM2Dpv9WRRLKnNWfM8tN02fAbUtG8mUPsu9q9UYX8P76G4qzytEc5ZKMp/3JggNYmw==",
      "license": "ISC",
      "dependencies": {
        "@scure/base": "^2.0.0",
        "@xrplf/isomorphic": "^1.0.2"
      },
      "engines": {
        "node": ">= 18"
      }
    },
    "node_modules/ripple-binary-codec": {
      "version": "2.9.0",
      "resolved": "https://registry.npmjs.org/ripple-binary-codec/-/ripple-binary-codec-2.9.0.tgz",
      "integrity": "sha512-DOv4CPwm2B5mjAJNHE4tfes7tIqefi85iun8BskS7/i1PvLIwVydHIbTV5hbQ7eT69Zg4K5dtO1CzfuvQVAYvQ==",
      "license": "ISC",
      "dependencies": {
        "@xrplf/isomorphic": "^1.0.2",
        "bignumber.js": "^10.0.2",
        "ripple-address-codec": "^5.0.1"
      },
      "engines": {
        "node": ">= 18"
      }
    },
    "node_modules/ripple-keypairs": {
      "version": "3.0.0",
      "resolved": "https://registry.npmjs.org/ripple-keypairs/-/ripple-keypairs-3.0.0.tgz",
      "integrity": "sha512-lE69pD0E8hFNCqZoVXRyY45Yi8Ku+Qw7Rf1qRwPj4nOi34vp9NAuwzfiJH1IwXGWNCfEkwVfctG99CPTEoUf+g==",
      "license": "ISC",
      "dependencies": {
        "@noble/curves": "^2.0.1",
        "@xrplf/isomorphic": "^1.0.2",
        "ripple-address-codec": "^5.0.1"
      },
      "engines": {
        "node": ">= 18"
      }
    },
    "node_modules/ws": {
      "version": "8.21.3",
      "resolved": "https://registry.npmjs.org/ws/-/ws-8.21.3.tgz",
      "integrity": "sha512-201TZ/kPWxoPr/OKWjquZR1SWKXcvxdH+e1xrx89b3YbmzLMFCLfnaG1HFIgWzJOEWZ7MvpK++odZufgYR50Rw==",
      "license": "MIT",
      "engines": {
        "node": ">=10.0.0"
      },
      "peerDependencies": {
        "bufferutil": "^4.0.1",
        "utf-8-validate": ">=5.0.2"
      },
      "peerDependenciesMeta": {
        "bufferutil": {
          "optional": true
        },
        "utf-8-validate": {
          "optional": true
        }
      }
    },
    "node_modules/xrpl": {
      "version": "5.0.0",
      "resolved": "https://registry.npmjs.org/xrpl/-/xrpl-5.0.0.tgz",
      "integrity": "sha512-YqaTFJUnhOu0mI4bsuHbKGj6w9ATcH8EIgw+gOLnh1rrlLTo5oImLQzhKJixCAPqqWOKnsY7J3jsN+l+zeEWgA==",
      "license": "ISC",
      "dependencies": {
        "@scure/bip32": "^2.0.1",
        "@scure/bip39": "^2.0.1",
        "@xrplf/isomorphic": "^1.0.2",
        "@xrplf/secret-numbers": "^3.0.0",
        "bignumber.js": "^10.0.2",
        "eventemitter3": "^5.0.1",
        "fast-json-stable-stringify": "^2.1.0",
        "ripple-address-codec": "^5.0.1",
        "ripple-binary-codec": "^2.8.0",
        "ripple-keypairs": "^3.0.0"
      },
      "engines": {
        "node": ">=20.19.0"
      }
    }
  }
}
